
Microsoft Visual Studio Solution File, Format Version 12.00
# Visual Studio Version 17
VisualStudioVersion = 17.13.35931.197 d17.13
MinimumVisualStudioVersion = 10.0.40219.1
Project("{FAE04EC0-301F-11D3-BF4B-00C04F79EFBC}") = "ParkingLot", "ParkingLot\ParkingLot.csproj", "{E0799DD7-AF4F-4D81-A9A7-020D1CC938E8}"
EndProject
Global
	GlobalSection(SolutionConfigurationPlatforms) = preSolution
		Debug|Any CPU = Debug|Any CPU
		Release|Any CPU = Release|Any CPU
	EndGlobalSection
	GlobalSection(ProjectConfigurationPlatforms) = postSolution
		{E0799DD7-AF4F-4D81-A9A7-020D1CC938E8}.Debug|Any CPU.ActiveCfg = Debug|Any CPU
		{E0799DD7-AF4F-4D81-A9A7-020D1CC938E8}.Debug|Any CPU.Build.0 = Debug|Any CPU
		{E0799DD7-AF4F-4D81-A9A7-020D1CC938E8}.Release|Any CPU.ActiveCfg = Release|Any CPU
		{E0799DD7-AF4F-4D81-A9A7-020D1CC938E8}.Release|Any CPU.Build.0 = Release|Any CPU
	EndGlobalSection
	GlobalSection(SolutionProperties) = preSolution
		HideSolutionNode = FALSE
	EndGlobalSection
	GlobalSection(ExtensibilityGlobals) = postSolution
		SolutionGuid = {E9AA76E2-0215-45A9-9F70-826040A0B998}
	EndGlobalSection
EndGlobal
